
Microsoft Visual Studio Solution File, Format Version 12.00
# Visual Studio Version 16
VisualStudioVersion = 16.0.33423.256
MinimumVisualStudioVersion = 10.0.40219.1
Project("{888888A0-9F3D-457C-B088-3A5042F75D52}") = "app.py", "app.py.pyproj", "{4B07011B-05A0-442C-8103-491EEA0676BC}"
EndProject
Global
	GlobalSection(SolutionConfigurationPlatforms) = preSolution
		Debug|Any CPU = Debug|Any CPU
		Release|Any CPU = Release|Any CPU
	EndGlobalSection
	GlobalSection(ProjectConfigurationPlatforms) = postSolution
		{4B07011B-05A0-442C-8103-491EEA0676BC}.Debug|Any CPU.ActiveCfg = Debug|Any CPU
		{4B07011B-05A0-442C-8103-491EEA0676BC}.Release|Any CPU.ActiveCfg = Release|Any CPU
	EndGlobalSection
	GlobalSection(SolutionProperties) = preSolution
		HideSolutionNode = FALSE
	EndGlobalSection
	GlobalSection(ExtensibilityGlobals) = postSolution
		SolutionGuid = {BB901EC9-8560-4CAE-883D-4ACEEB3693DE}
	EndGlobalSection
EndGlobal
